
Microsoft Visual Studio Solution File, Format Version 11.00
# Visual Studio 2010
Project("{FAE04EC0-301F-11D3-BF4B-00C04F79EFBC}") = "UnityEngine.TestRunner", "UnityEngine.TestRunner.csproj", "{ed943ac8-3d8f-7c17-157d-c4c31cbc811c}"
EndProject
Project("{FAE04EC0-301F-11D3-BF4B-00C04F79EFBC}") = "Unity.2D.Animation.Triangle.Runtime", "Unity.2D.Animation.Triangle.Runtime.csproj", "{030cb7df-9447-7005-319a-7f214e9f0ea9}"
EndProject
Project("{FAE04EC0-301F-11D3-BF4B-00C04F79EFBC}") = "Unity.InputSystem", "Unity.InputSystem.csproj", "{37dc956a-ac73-a778-c063-9fbac5003603}"
EndProject
Project("{FAE04EC0-301F-11D3-BF4B-00C04F79EFBC}") = "UnityEngine.UI", "UnityEngine.UI.csproj", "{979dfe98-9199-94e5-7d3c-a2abc20e4793}"
EndProject
Project("{FAE04EC0-301F-11D3-BF4B-00C04F79EFBC}") = "Unity.TextMeshPro", "Unity.TextMeshPro.csproj", "{dfd7019c-bb86-3498-4973-5d336b1f52ef}"
EndProject
Project("{FAE04EC0-301F-11D3-BF4B-00C04F79EFBC}") = "Unity.2D.Animation.Runtime", "Unity.2D.Animation.Runtime.csproj", "{966594db-397c-5af1-f590-00ceeab21cb6}"
EndProject
Project("{FAE04EC0-301F-11D3-BF4B-00C04F79EFBC}") = "Unity.Timeline", "Unity.Timeline.csproj", "{63b491c9-db19-5561-f15e-1c9ea0e3c9f0}"
EndProject
Project("{FAE04EC0-301F-11D3-BF4B-00C04F79EFBC}") = "Assembly-CSharp", "Assembly-CSharp.csproj", "{03938ccd-4b40-8dfb-6b9b-21988d5cac0a}"
EndProject
Project("{FAE04EC0-301F-11D3-BF4B-00C04F79EFBC}") = "Unity.Mathematics", "Unity.Mathematics.csproj", "{22e42b9f-676f-18ca-867c-a7d5d221a80f}"
EndProject
Project("{FAE04EC0-301F-11D3-BF4B-00C04F79EFBC}") = "Unity.2D.SpriteShape.Runtime", "Unity.2D.SpriteShape.Runtime.csproj", "{652001f9-9c1b-a374-8d10-86cd1b4d5f3f}"
EndProject
Project("{FAE04EC0-301F-11D3-BF4B-00C04F79EFBC}") = "Unity.2D.PixelPerfect", "Unity.2D.PixelPerfect.csproj", "{085a5f8a-e0c1-924e-86ef-8d1110206613}"
EndProject
Project("{FAE04EC0-301F-11D3-BF4B-00C04F79EFBC}") = "Unity.InternalAPIEngineBridge.001", "Unity.InternalAPIEngineBridge.001.csproj", "{90dc1aaf-d7c0-dd6a-a6ed-aa77e7f1a486}"
EndProject
Project("{FAE04EC0-301F-11D3-BF4B-00C04F79EFBC}") = "Unity.2D.Common.Runtime", "Unity.2D.Common.Runtime.csproj", "{098d18e4-6ae0-86c7-8616-1c17d236ea89}"
EndProject
Project("{FAE04EC0-301F-11D3-BF4B-00C04F79EFBC}") = "UnityEditor.TestRunner", "UnityEditor.TestRunner.csproj", "{84d77f67-4616-0a38-4f03-16ab5e7769f7}"
EndProject
Project("{FAE04EC0-301F-11D3-BF4B-00C04F79EFBC}") = "Unity.TextMeshPro.Editor", "Unity.TextMeshPro.Editor.csproj", "{651b9223-1d49-3552-fade-892e6e843c3f}"
EndProject
Project("{FAE04EC0-301F-11D3-BF4B-00C04F79EFBC}") = "Unity.Timeline.Editor", "Unity.Timeline.Editor.csproj", "{4f63daae-f5cd-01d3-9fa4-bd9bc22dc82d}"
EndProject
Project("{FAE04EC0-301F-11D3-BF4B-00C04F79EFBC}") = "Unity.CollabProxy.Editor", "Unity.CollabProxy.Editor.csproj", "{4bef6551-7042-78d6-30a6-28520a4ec193}"
EndProject
Project("{FAE04EC0-301F-11D3-BF4B-00C04F79EFBC}") = "Unity.2D.Animation.Editor", "Unity.2D.Animation.Editor.csproj", "{9966ea08-1871-7d07-45c9-8be7d88e754e}"
EndProject
Project("{FAE04EC0-301F-11D3-BF4B-00C04F79EFBC}") = "Unity.2D.Path.Editor", "Unity.2D.Path.Editor.csproj", "{8f995104-b106-8026-065c-80023843c624}"
EndProject
Project("{FAE04EC0-301F-11D3-BF4B-00C04F79EFBC}") = "Unity.2D.Sprite.Editor", "Unity.2D.Sprite.Editor.csproj", "{a8309bda-81a0-0e11-d6b4-bfaf6da6450d}"
EndProject
Project("{FAE04EC0-301F-11D3-BF4B-00C04F79EFBC}") = "UnityEditor.UI", "UnityEditor.UI.csproj", "{74e1c5c0-7c72-fa9f-cd43-b55bdef754da}"
EndProject
Project("{FAE04EC0-301F-11D3-BF4B-00C04F79EFBC}") = "Unity.Rider.Editor", "Unity.Rider.Editor.csproj", "{35b7e023-97a7-dbdc-b926-161520c4dc89}"
EndProject
Project("{FAE04EC0-301F-11D3-BF4B-00C04F79EFBC}") = "Unity.2D.Tilemap.Editor", "Unity.2D.Tilemap.Editor.csproj", "{40b987c2-94ea-9ed4-6f63-abc9b006d1e6}"
EndProject
Project("{FAE04EC0-301F-11D3-BF4B-00C04F79EFBC}") = "Unity.VisualStudio.Editor", "Unity.VisualStudio.Editor.csproj", "{2fd67010-5958-e159-3cc0-c54cbefa2290}"
EndProject
Project("{FAE04EC0-301F-11D3-BF4B-00C04F79EFBC}") = "Unity.2D.SpriteShape.Editor", "Unity.2D.SpriteShape.Editor.csproj", "{e4fe47e6-c383-9f4e-f5a4-354867d9fe91}"
EndProject
Project("{FAE04EC0-301F-11D3-BF4B-00C04F79EFBC}") = "PsdPlugin", "PsdPlugin.csproj", "{2291f2b0-92e0-7e70-af29-9f195372dc03}"
EndProject
Project("{FAE04EC0-301F-11D3-BF4B-00C04F79EFBC}") = "Unity.2D.Common.Editor", "Unity.2D.Common.Editor.csproj", "{945e3271-902a-848a-4836-a63ac22f6bff}"
EndProject
Project("{FAE04EC0-301F-11D3-BF4B-00C04F79EFBC}") = "Unity.VSCode.Editor", "Unity.VSCode.Editor.csproj", "{d4ea3cf6-4521-64a8-65f2-ff3cc0a4e30c}"
EndProject
Project("{FAE04EC0-301F-11D3-BF4B-00C04F79EFBC}") = "Unity.2D.Psdimporter.Editor", "Unity.2D.Psdimporter.Editor.csproj", "{37815a88-829e-5a28-cd21-1a199012c457}"
EndProject
Project("{FAE04EC0-301F-11D3-BF4B-00C04F79EFBC}") = "Unity.2D.PixelPerfect.Editor", "Unity.2D.PixelPerfect.Editor.csproj", "{954606ad-4e98-1746-2d42-97503edb8f42}"
EndProject
Project("{FAE04EC0-301F-11D3-BF4B-00C04F79EFBC}") = "Unity.Mathematics.Editor", "Unity.Mathematics.Editor.csproj", "{b222b8e9-4c55-4797-e65b-2cfa5626b69a}"
EndProject
Project("{FAE04EC0-301F-11D3-BF4B-00C04F79EFBC}") = "Unity.InternalAPIEditorBridge.001", "Unity.InternalAPIEditorBridge.001.csproj", "{5655cc19-e755-9069-b166-1343c10b837d}"
EndProject
Global
	GlobalSection(SolutionConfigurationPlatforms) = preSolution
		Debug|Any CPU = Debug|Any CPU
	EndGlobalSection
	GlobalSection(ProjectConfigurationPlatforms) = postSolution
		{ed943ac8-3d8f-7c17-157d-c4c31cbc811c}.Debug|Any CPU.ActiveCfg = Debug|Any CPU
		{ed943ac8-3d8f-7c17-157d-c4c31cbc811c}.Debug|Any CPU.Build.0 = Debug|Any CPU
		{030cb7df-9447-7005-319a-7f214e9f0ea9}.Debug|Any CPU.ActiveCfg = Debug|Any CPU
		{030cb7df-9447-7005-319a-7f214e9f0ea9}.Debug|Any CPU.Build.0 = Debug|Any CPU
		{37dc956a-ac73-a778-c063-9fbac5003603}.Debug|Any CPU.ActiveCfg = Debug|Any CPU
		{37dc956a-ac73-a778-c063-9fbac5003603}.Debug|Any CPU.Build.0 = Debug|Any CPU
		{979dfe98-9199-94e5-7d3c-a2abc20e4793}.Debug|Any CPU.ActiveCfg = Debug|Any CPU
		{979dfe98-9199-94e5-7d3c-a2abc20e4793}.Debug|Any CPU.Build.0 = Debug|Any CPU
		{dfd7019c-bb86-3498-4973-5d336b1f52ef}.Debug|Any CPU.ActiveCfg = Debug|Any CPU
		{dfd7019c-bb86-3498-4973-5d336b1f52ef}.Debug|Any CPU.Build.0 = Debug|Any CPU
		{966594db-397c-5af1-f590-00ceeab21cb6}.Debug|Any CPU.ActiveCfg = Debug|Any CPU
		{966594db-397c-5af1-f590-00ceeab21cb6}.Debug|Any CPU.Build.0 = Debug|Any CPU
		{63b491c9-db19-5561-f15e-1c9ea0e3c9f0}.Debug|Any CPU.ActiveCfg = Debug|Any CPU
		{63b491c9-db19-5561-f15e-1c9ea0e3c9f0}.Debug|Any CPU.Build.0 = Debug|Any CPU
		{03938ccd-4b40-8dfb-6b9b-21988d5cac0a}.Debug|Any CPU.ActiveCfg = Debug|Any CPU
		{03938ccd-4b40-8dfb-6b9b-21988d5cac0a}.Debug|Any CPU.Build.0 = Debug|Any CPU
		{22e42b9f-676f-18ca-867c-a7d5d221a80f}.Debug|Any CPU.ActiveCfg = Debug|Any CPU
		{22e42b9f-676f-18ca-867c-a7d5d221a80f}.Debug|Any CPU.Build.0 = Debug|Any CPU
		{652001f9-9c1b-a374-8d10-86cd1b4d5f3f}.Debug|Any CPU.ActiveCfg = Debug|Any CPU
		{652001f9-9c1b-a374-8d10-86cd1b4d5f3f}.Debug|Any CPU.Build.0 = Debug|Any CPU
		{085a5f8a-e0c1-924e-86ef-8d1110206613}.Debug|Any CPU.ActiveCfg = Debug|Any CPU
		{085a5f8a-e0c1-924e-86ef-8d1110206613}.Debug|Any CPU.Build.0 = Debug|Any CPU
		{90dc1aaf-d7c0-dd6a-a6ed-aa77e7f1a486}.Debug|Any CPU.ActiveCfg = Debug|Any CPU
		{90dc1aaf-d7c0-dd6a-a6ed-aa77e7f1a486}.Debug|Any CPU.Build.0 = Debug|Any CPU
		{098d18e4-6ae0-86c7-8616-1c17d236ea89}.Debug|Any CPU.ActiveCfg = Debug|Any CPU
		{098d18e4-6ae0-86c7-8616-1c17d236ea89}.Debug|Any CPU.Build.0 = Debug|Any CPU
		{84d77f67-4616-0a38-4f03-16ab5e7769f7}.Debug|Any CPU.ActiveCfg = Debug|Any CPU
		{84d77f67-4616-0a38-4f03-16ab5e7769f7}.Debug|Any CPU.Build.0 = Debug|Any CPU
		{651b9223-1d49-3552-fade-892e6e843c3f}.Debug|Any CPU.ActiveCfg = Debug|Any CPU
		{651b9223-1d49-3552-fade-892e6e843c3f}.Debug|Any CPU.Build.0 = Debug|Any CPU
		{4f63daae-f5cd-01d3-9fa4-bd9bc22dc82d}.Debug|Any CPU.ActiveCfg = Debug|Any CPU
		{4f63daae-f5cd-01d3-9fa4-bd9bc22dc82d}.Debug|Any CPU.Build.0 = Debug|Any CPU
		{4bef6551-7042-78d6-30a6-28520a4ec193}.Debug|Any CPU.ActiveCfg = Debug|Any CPU
		{4bef6551-7042-78d6-30a6-28520a4ec193}.Debug|Any CPU.Build.0 = Debug|Any CPU
		{9966ea08-1871-7d07-45c9-8be7d88e754e}.Debug|Any CPU.ActiveCfg = Debug|Any CPU
		{9966ea08-1871-7d07-45c9-8be7d88e754e}.Debug|Any CPU.Build.0 = Debug|Any CPU
		{8f995104-b106-8026-065c-80023843c624}.Debug|Any CPU.ActiveCfg = Debug|Any CPU
		{8f995104-b106-8026-065c-80023843c624}.Debug|Any CPU.Build.0 = Debug|Any CPU
		{a8309bda-81a0-0e11-d6b4-bfaf6da6450d}.Debug|Any CPU.ActiveCfg = Debug|Any CPU
		{a8309bda-81a0-0e11-d6b4-bfaf6da6450d}.Debug|Any CPU.Build.0 = Debug|Any CPU
		{74e1c5c0-7c72-fa9f-cd43-b55bdef754da}.Debug|Any CPU.ActiveCfg = Debug|Any CPU
		{74e1c5c0-7c72-fa9f-cd43-b55bdef754da}.Debug|Any CPU.Build.0 = Debug|Any CPU
		{35b7e023-97a7-dbdc-b926-161520c4dc89}.Debug|Any CPU.ActiveCfg = Debug|Any CPU
		{35b7e023-97a7-dbdc-b926-161520c4dc89}.Debug|Any CPU.Build.0 = Debug|Any CPU
		{40b987c2-94ea-9ed4-6f63-abc9b006d1e6}.Debug|Any CPU.ActiveCfg = Debug|Any CPU
		{40b987c2-94ea-9ed4-6f63-abc9b006d1e6}.Debug|Any CPU.Build.0 = Debug|Any CPU
		{2fd67010-5958-e159-3cc0-c54cbefa2290}.Debug|Any CPU.ActiveCfg = Debug|Any CPU
		{2fd67010-5958-e159-3cc0-c54cbefa2290}.Debug|Any CPU.Build.0 = Debug|Any CPU
		{e4fe47e6-c383-9f4e-f5a4-354867d9fe91}.Debug|Any CPU.ActiveCfg = Debug|Any CPU
		{e4fe47e6-c383-9f4e-f5a4-354867d9fe91}.Debug|Any CPU.Build.0 = Debug|Any CPU
		{2291f2b0-92e0-7e70-af29-9f195372dc03}.Debug|Any CPU.ActiveCfg = Debug|Any CPU
		{2291f2b0-92e0-7e70-af29-9f195372dc03}.Debug|Any CPU.Build.0 = Debug|Any CPU
		{945e3271-902a-848a-4836-a63ac22f6bff}.Debug|Any CPU.ActiveCfg = Debug|Any CPU
		{945e3271-902a-848a-4836-a63ac22f6bff}.Debug|Any CPU.Build.0 = Debug|Any CPU
		{d4ea3cf6-4521-64a8-65f2-ff3cc0a4e30c}.Debug|Any CPU.ActiveCfg = Debug|Any CPU
		{d4ea3cf6-4521-64a8-65f2-ff3cc0a4e30c}.Debug|Any CPU.Build.0 = Debug|Any CPU
		{37815a88-829e-5a28-cd21-1a199012c457}.Debug|Any CPU.ActiveCfg = Debug|Any CPU
		{37815a88-829e-5a28-cd21-1a199012c457}.Debug|Any CPU.Build.0 = Debug|Any CPU
		{954606ad-4e98-1746-2d42-97503edb8f42}.Debug|Any CPU.ActiveCfg = Debug|Any CPU
		{954606ad-4e98-1746-2d42-97503edb8f42}.Debug|Any CPU.Build.0 = Debug|Any CPU
		{b222b8e9-4c55-4797-e65b-2cfa5626b69a}.Debug|Any CPU.ActiveCfg = Debug|Any CPU
		{b222b8e9-4c55-4797-e65b-2cfa5626b69a}.Debug|Any CPU.Build.0 = Debug|Any CPU
		{5655cc19-e755-9069-b166-1343c10b837d}.Debug|Any CPU.ActiveCfg = Debug|Any CPU
		{5655cc19-e755-9069-b166-1343c10b837d}.Debug|Any CPU.Build.0 = Debug|Any CPU
	EndGlobalSection
	GlobalSection(SolutionProperties) = preSolution
		HideSolutionNode = FALSE
	EndGlobalSection
EndGlobal
